
Microsoft Visual Studio Solution File, Format Version 12.00
# Visual Studio Version 17
VisualStudioVersion = 17.0.31903.59
MinimumVisualStudioVersion = 10.0.40219.1
Project("{2150E333-8FDC-42A3-9474-1A3956D46DE8}") = "src", "src", "{FDFE74A2-BA68-42DF-A3BE-90BAD54DE0E4}"
EndProject
Project("{2150E333-8FDC-42A3-9474-1A3956D46DE8}") = "test", "test", "{AD7A316F-55E5-4E21-A701-CD8D245EA592}"
EndProject
Project("{FAE04EC0-301F-11D3-BF4B-00C04F79EFBC}") = "Api", "src\Api\Api.csproj", "{7C54A56C-5045-4BCC-97F4-6ECC31BBD8BF}"
EndProject
Project("{FAE04EC0-301F-11D3-BF4B-00C04F79EFBC}") = "Api.Tests.Integeration", "test\Api.Tests.Integeration\Api.Tests.Integeration.csproj", "{A033F7BA-FE0F-4546-91DB-82700F30D2CE}"
EndProject
Global
	GlobalSection(SolutionConfigurationPlatforms) = preSolution
		Debug|Any CPU = Debug|Any CPU
		Release|Any CPU = Release|Any CPU
	EndGlobalSection
	GlobalSection(ProjectConfigurationPlatforms) = postSolution
		{7C54A56C-5045-4BCC-97F4-6ECC31BBD8BF}.Debug|Any CPU.ActiveCfg = Debug|Any CPU
		{7C54A56C-5045-4BCC-97F4-6ECC31BBD8BF}.Debug|Any CPU.Build.0 = Debug|Any CPU
		{7C54A56C-5045-4BCC-97F4-6ECC31BBD8BF}.Release|Any CPU.ActiveCfg = Release|Any CPU
		{7C54A56C-5045-4BCC-97F4-6ECC31BBD8BF}.Release|Any CPU.Build.0 = Release|Any CPU
		{A033F7BA-FE0F-4546-91DB-82700F30D2CE}.Debug|Any CPU.ActiveCfg = Debug|Any CPU
		{A033F7BA-FE0F-4546-91DB-82700F30D2CE}.Debug|Any CPU.Build.0 = Debug|Any CPU
		{A033F7BA-FE0F-4546-91DB-82700F30D2CE}.Release|Any CPU.ActiveCfg = Release|Any CPU
		{A033F7BA-FE0F-4546-91DB-82700F30D2CE}.Release|Any CPU.Build.0 = Release|Any CPU
	EndGlobalSection
	GlobalSection(SolutionProperties) = preSolution
		HideSolutionNode = FALSE
	EndGlobalSection
	GlobalSection(NestedProjects) = preSolution
		{7C54A56C-5045-4BCC-97F4-6ECC31BBD8BF} = {FDFE74A2-BA68-42DF-A3BE-90BAD54DE0E4}
		{A033F7BA-FE0F-4546-91DB-82700F30D2CE} = {AD7A316F-55E5-4E21-A701-CD8D245EA592}
	EndGlobalSection
	GlobalSection(ExtensibilityGlobals) = postSolution
		SolutionGuid = {2B4944A2-DAE0-4BAB-B4C0-F0E9E2EC5054}
	EndGlobalSection
EndGlobal
